{
  "name": "git-commit-assistant",
  "version": "1.0.5",
  "lockfileVersion": 3,
  "requires": true,
  "packages": {
    "": {
      "name": "git-commit-assistant",
      "version": "1.0.5",
      "hasInstallScript": true,
      "license": "MIT",
      "bin": {
        "gcommit": "bin/git-commit-assistant",
        "git-commit-assistant": "bin/git-commit-assistant"
      },
      "engines": {
        "node": ">=14.0.0"
      }
    }
  }
}
